// !$*UTF8*$!
{
	archiveVersion = 1;
	classes = {
	};
	objectVersion = 50;
	objects = {

/* Begin PBXBuildFile section */
		9ACF2A98250B91E0008933D1 /* AppDelegate.swift in Sources */ = {isa = PBXBuildFile; fileRef = 9ACF2A97250B91E0008933D1 /* AppDelegate.swift */; };
		9ACF2A9A250B91E0008933D1 /* SceneDelegate.swift in Sources */ = {isa = PBXBuildFile; fileRef = 9ACF2A99250B91E0008933D1 /* SceneDelegate.swift */; };
		9ACF2A9C250B91E0008933D1 /* ViewController.swift in Sources */ = {isa = PBXBuildFile; fileRef = 9ACF2A9B250B91E0008933D1 /* ViewController.swift */; };
		9ACF2A9F250B91E0008933D1 /* Main.storyboard in Resources */ = {isa = PBXBuildFile; fileRef = 9ACF2A9D250B91E0008933D1 /* Main.storyboard */; };
		9ACF2AA1250B91E1008933D1 /* Assets.xcassets in Resources */ = {isa = PBXBuildFile; fileRef = 9ACF2AA0250B91E1008933D1 /* Assets.xcassets */; };
		9ACF2AA4250B91E1008933D1 /* LaunchScreen.storyboard in Resources */ = {isa = PBXBuildFile; fileRef = 9ACF2AA2250B91E1008933D1 /* LaunchScreen.storyboard */; };
		9ACF2AAF250B91E1008933D1 /* PlacesTests.swift in Sources */ = {isa = PBXBuildFile; fileRef = 9ACF2AAE250B91E1008933D1 /* PlacesTests.swift */; };
		9ACF2ABA250B91E1008933D1 /* PlacesUITests.swift in Sources */ = {isa = PBXBuildFile; fileRef = 9ACF2AB9250B91E1008933D1 /* PlacesUITests.swift */; };
/* End PBXBuildFile section */

/* Begin PBXContainerItemProxy section */
		9ACF2AAB250B91E1008933D1 /* PBXContainerItemProxy */ = {
			isa = PBXContainerItemProxy;
			containerPortal = 9ACF2A8C250B91E0008933D1 /* Project object */;
			proxyType = 1;
			remoteGlobalIDString = 9ACF2A93250B91E0008933D1;
			remoteInfo = Places;
		};
		9ACF2AB6250B91E1008933D1 /* PBXContainerItemProxy */ = {
			isa = PBXContainerItemProxy;
			containerPortal = 9ACF2A8C250B91E0008933D1 /* Project object */;
			proxyType = 1;
			remoteGlobalIDString = 9ACF2A93250B91E0008933D1;
			remoteInfo = Places;
		};
/* End PBXContainerItemProxy section */

/* Begin PBXFileReference section */
		9ACF2A94250B91E0008933D1 /* Places.app */ = {isa = PBXFileReference; explicitFileType = wrapper.application; includeInIndex = 0; path = Places.app; sourceTree = BUILT_PRODUCTS_DIR; };
		9ACF2A97250B91E0008933D1 /* AppDelegate.swift */ = {isa = PBXFileReference; lastKnownFileType = sourcecode.swift; path = AppDelegate.swift; sourceTree = "<group>"; };
		9ACF2A99250B91E0008933D1 /* SceneDelegate.swift */ = {isa = PBXFileReference; lastKnownFileType = sourcecode.swift; path = SceneDelegate.swift; sourceTree = "<group>"; };
		9ACF2A9B250B91E0008933D1 /* ViewController.swift */ = {isa = PBXFileReference; lastKnownFileType = sourcecode.swift; path = ViewController.swift; sourceTree = "<group>"; };
		9ACF2A9E250B91E0008933D1 /* Base */ = {isa = PBXFileReference; lastKnownFileType = file.storyboard; name = Base; path = Base.lproj/Main.storyboard; sourceTree = "<group>"; };
		9ACF2AA0250B91E1008933D1 /* Assets.xcassets */ = {isa = PBXFileReference; lastKnownFileType = folder.assetcatalog; path = Assets.xcassets; sourceTree = "<group>"; };
		9ACF2AA3250B91E1008933D1 /* Base */ = {isa = PBXFileReference; lastKnownFileType = file.storyboard; name = Base; path = Base.lproj/LaunchScreen.storyboard; sourceTree = "<group>"; };
		9ACF2AA5250B91E1008933D1 /* Info.plist */ = {isa = PBXFileReference; lastKnownFileType = text.plist.xml; path = Info.plist; sourceTree = "<group>"; };
		9ACF2AAA250B91E1008933D1 /* PlacesTests.xctest */ = {isa = PBXFileReference; explicitFileType = wrapper.cfbundle; includeInIndex = 0; path = PlacesTests.xctest; sourceTree = BUILT_PRODUCTS_DIR; };
		9ACF2AAE250B91E1008933D1 /* PlacesTests.swift */ = {isa = PBXFileReference; lastKnownFileType = sourcecode.swift; path = PlacesTests.swift; sourceTree = "<group>"; };
		9ACF2AB0250B91E1008933D1 /* Info.plist */ = {isa = PBXFileReference; lastKnownFileType = text.plist.xml; path = Info.plist; sourceTree = "<group>"; };
		9ACF2AB5250B91E1008933D1 /* PlacesUITests.xctest */ = {isa = PBXFileReference; explicitFileType = wrapper.cfbundle; includeInIndex = 0; path = PlacesUITests.xctest; sourceTree = BUILT_PRODUCTS_DIR; };
		9ACF2AB9250B91E1008933D1 /* PlacesUITests.swift */ = {isa = PBXFileReference; lastKnownFileType = sourcecode.swift; path = PlacesUITests.swift; sourceTree = "<group>"; };
		9ACF2ABB250B91E1008933D1 /* Info.plist */ = {isa = PBXFileReference; lastKnownFileType = text.plist.xml; path = Info.plist; sourceTree = "<group>"; };
/* End PBXFileReference section */

/* Begin PBXFrameworksBuildPhase section */
		9ACF2A91250B91E0008933D1 /* Frameworks */ = {
			isa = PBXFrameworksBuildPhase;
			buildActionMask = 2147483647;
			files = (
			);
			runOnlyForDeploymentPostprocessing = 0;
		};
		9ACF2AA7250B91E1008933D1 /* Frameworks */ = {
			isa = PBXFrameworksBuildPhase;
			buildActionMask = 2147483647;
			files = (
			);
			runOnlyForDeploymentPostprocessing = 0;
		};
		9ACF2AB2250B91E1008933D1 /* Frameworks */ = {
			isa = PBXFrameworksBuildPhase;
			buildActionMask = 2147483647;
			files = (
			);
			runOnlyForDeploymentPostprocessing = 0;
		};
/* End PBXFrameworksBuildPhase section */

/* Begin PBXGroup section */
		9ACF2A8B250B91E0008933D1 = {
			isa = PBXGroup;
			children = (
				9ACF2A96250B91E0008933D1 /* Places */,
				9ACF2AAD250B91E1008933D1 /* PlacesTests */,
				9ACF2AB8250B91E1008933D1 /* PlacesUITests */,
				9ACF2A95250B91E0008933D1 /* Products */,
			);
			sourceTree = "<group>";
		};
		9ACF2A95250B91E0008933D1 /* Products */ = {
			isa = PBXGroup;
			children = (
				9ACF2A94250B91E0008933D1 /* Places.app */,
				9ACF2AAA250B91E1008933D1 /* PlacesTests.xctest */,
				9ACF2AB5250B91E1008933D1 /* PlacesUITests.xctest */,
			);
			name = Products;
			sourceTree = "<group>";
		};
		9ACF2A96250B91E0008933D1 /* Places */ = {
			isa = PBXGroup;
			children = (
				9ACF2A97250B91E0008933D1 /* AppDelegate.swift */,
				9ACF2A99250B91E0008933D1 /* SceneDelegate.swift */,
				9ACF2A9B250B91E0008933D1 /* ViewController.swift */,
				9ACF2A9D250B91E0008933D1 /* Main.storyboard */,
				9ACF2AA0250B91E1008933D1 /* Assets.xcassets */,
				9ACF2AA2250B91E1008933D1 /* LaunchScreen.storyboard */,
				9ACF2AA5250B91E1008933D1 /* Info.plist */,
			);
			path = Places;
			sourceTree = "<group>";
		};
		9ACF2AAD250B91E1008933D1 /* PlacesTests */ = {
			isa = PBXGroup;
			children = (
				9ACF2AAE250B91E1008933D1 /* PlacesTests.swift */,
				9ACF2AB0250B91E1008933D1 /* Info.plist */,
			);
			path = PlacesTests;
			sourceTree = "<group>";
		};
		9ACF2AB8250B91E1008933D1 /* PlacesUITests */ = {
			isa = PBXGroup;
			children = (
				9ACF2AB9250B91E1008933D1 /* PlacesUITests.swift */,
				9ACF2ABB250B91E1008933D1 /* Info.plist */,
			);
			path = PlacesUITests;
			sourceTree = "<group>";
		};
/* End PBXGroup section */

/* Begin PBXNativeTarget section */
		9ACF2A93250B91E0008933D1 /* Places */ = {
			isa = PBXNativeTarget;
			buildConfigurationList = 9ACF2ABE250B91E1008933D1 /* Build configuration list for PBXNativeTarget "Places" */;
			buildPhases = (
				9ACF2A90250B91E0008933D1 /* Sources */,
				9ACF2A91250B91E0008933D1 /* Frameworks */,
				9ACF2A92250B91E0008933D1 /* Resources */,
			);
			buildRules = (
			);
			dependencies = (
			);
			name = Places;
			productName = Places;
			productReference = 9ACF2A94250B91E0008933D1 /* Places.app */;
			productType = "com.apple.product-type.application";
		};
		9ACF2AA9250B91E1008933D1 /* PlacesTests */ = {
			isa = PBXNativeTarget;
			buildConfigurationList = 9ACF2AC1250B91E1008933D1 /* Build configuration list for PBXNativeTarget "PlacesTests" */;
			buildPhases = (
				9ACF2AA6250B91E1008933D1 /* Sources */,
				9ACF2AA7250B91E1008933D1 /* Frameworks */,
				9ACF2AA8250B91E1008933D1 /* Resources */,
			);
			buildRules = (
			);
			dependencies = (
				9ACF2AAC250B91E1008933D1 /* PBXTargetDependency */,
			);
			name = PlacesTests;
			productName = PlacesTests;
			productReference = 9ACF2AAA250B91E1008933D1 /* PlacesTests.xctest */;
			productType = "com.apple.product-type.bundle.unit-test";
		};
		9ACF2AB4250B91E1008933D1 /* PlacesUITests */ = {
			isa = PBXNativeTarget;
			buildConfigurationList = 9ACF2AC4250B91E1008933D1 /* Build configuration list for PBXNativeTarget "PlacesUITests" */;
			buildPhases = (
				9ACF2AB1250B91E1008933D1 /* Sources */,
				9ACF2AB2250B91E1008933D1 /* Frameworks */,
				9ACF2AB3250B91E1008933D1 /* Resources */,
			);
			buildRules = (
			);
			dependencies = (
				9ACF2AB7250B91E1008933D1 /* PBXTargetDependency */,
			);
			name = PlacesUITests;
			productName = PlacesUITests;
			productReference = 9ACF2AB5250B91E1008933D1 /* PlacesUITests.xctest */;
			productType = "com.apple.product-type.bundle.ui-testing";
		};
/* End PBXNativeTarget section */

/* Begin PBXProject section */
		9ACF2A8C250B91E0008933D1 /* Project object */ = {
			isa = PBXProject;
			attributes = {
				LastSwiftUpdateCheck = 1200;
				LastUpgradeCheck = 1200;
				TargetAttributes = {
					9ACF2A93250B91E0008933D1 = {
						CreatedOnToolsVersion = 12.0;
					};
					9ACF2AA9250B91E1008933D1 = {
						CreatedOnToolsVersion = 12.0;
						TestTargetID = 9ACF2A93250B91E0008933D1;
					};
					9ACF2AB4250B91E1008933D1 = {
						CreatedOnToolsVersion = 12.0;
						TestTargetID = 9ACF2A93250B91E0008933D1;
					};
				};
			};
			buildConfigurationList = 9ACF2A8F250B91E0008933D1 /* Build configuration list for PBXProject "Places" */;
			compatibilityVersion = "Xcode 9.3";
			developmentRegion = en;
			hasScannedForEncodings = 0;
			knownRegions = (
				en,
				Base,
			);
			mainGroup = 9ACF2A8B250B91E0008933D1;
			productRefGroup = 9ACF2A95250B91E0008933D1 /* Products */;
			projectDirPath = "";
			projectRoot = "";
			targets = (
				9ACF2A93250B91E0008933D1 /* Places */,
				9ACF2AA9250B91E1008933D1 /* PlacesTests */,
				9ACF2AB4250B91E1008933D1 /* PlacesUITests */,
			);
		};
/* End PBXProject section */

/* Begin PBXResourcesBuildPhase section */
		9ACF2A92250B91E0008933D1 /* Resources */ = {
			isa = PBXResourcesBuildPhase;
			buildActionMask = 2147483647;
			files = (
				9ACF2AA4250B91E1008933D1 /* LaunchScreen.storyboard in Resources */,
				9ACF2AA1250B91E1008933D1 /* Assets.xcassets in Resources */,
				9ACF2A9F250B91E0008933D1 /* Main.storyboard in Resources */,
			);
			runOnlyForDeploymentPostprocessing = 0;
		};
		9ACF2AA8250B91E1008933D1 /* Resources */ = {
			isa = PBXResourcesBuildPhase;
			buildActionMask = 2147483647;
			files = (
			);
			runOnlyForDeploymentPostprocessing = 0;
		};
		9ACF2AB3250B91E1008933D1 /* Resources */ = {
			isa = PBXResourcesBuildPhase;
			buildActionMask = 2147483647;
			files = (
			);
			runOnlyForDeploymentPostprocessing = 0;
		};
/* End PBXResourcesBuildPhase section */

/* Begin PBXSourcesBuildPhase section */
		9ACF2A90250B91E0008933D1 /* Sources */ = {
			isa = PBXSourcesBuildPhase;
			buildActionMask = 2147483647;
			files = (
				9ACF2A9C250B91E0008933D1 /* ViewController.swift in Sources */,
				9ACF2A98250B91E0008933D1 /* AppDelegate.swift in Sources */,
				9ACF2A9A250B91E0008933D1 /* SceneDelegate.swift in Sources */,
			);
			runOnlyForDeploymentPostprocessing = 0;
		};
		9ACF2AA6250B91E1008933D1 /* Sources */ = {
			isa = PBXSourcesBuildPhase;
			buildActionMask = 2147483647;
			files = (
				9ACF2AAF250B91E1008933D1 /* PlacesTests.swift in Sources */,
			);
			runOnlyForDeploymentPostprocessing = 0;
		};
		9ACF2AB1250B91E1008933D1 /* Sources */ = {
			isa = PBXSourcesBuildPhase;
			buildActionMask = 2147483647;
			files = (
				9ACF2ABA250B91E1008933D1 /* PlacesUITests.swift in Sources */,
			);
			runOnlyForDeploymentPostprocessing = 0;
		};
/* End PBXSourcesBuildPhase section */

/* Begin PBXTargetDependency section */
		9ACF2AAC250B91E1008933D1 /* PBXTargetDependency */ = {
			isa = PBXTargetDependency;
			target = 9ACF2A93250B91E0008933D1 /* Places */;
			targetProxy = 9ACF2AAB250B91E1008933D1 /* PBXContainerItemProxy */;
		};
		9ACF2AB7250B91E1008933D1 /* PBXTargetDependency */ = {
			isa = PBXTargetDependency;
			target = 9ACF2A93250B91E0008933D1 /* Places */;
			targetProxy = 9ACF2AB6250B91E1008933D1 /* PBXContainerItemProxy */;
		};
/* End PBXTargetDependency section */

/* Begin PBXVariantGroup section */
		9ACF2A9D250B91E0008933D1 /* Main.storyboard */ = {
			isa = PBXVariantGroup;
			children = (
				9ACF2A9E250B91E0008933D1 /* Base */,
			);
			name = Main.storyboard;
			sourceTree = "<group>";
		};
		9ACF2AA2250B91E1008933D1 /* LaunchScreen.storyboard */ = {
			isa = PBXVariantGroup;
			children = (
				9ACF2AA3250B91E1008933D1 /* Base */,
			);
			name = LaunchScreen.storyboard;
			sourceTree = "<group>";
		};
/* End PBXVariantGroup section */

/* Begin XCBuildConfiguration section */
		9ACF2ABC250B91E1008933D1 /* Debug */ = {
			isa = XCBuildConfiguration;
			buildSettings = {
				ALWAYS_SEARCH_USER_PATHS = NO;
				CLANG_ANALYZER_NONNULL = YES;
				CLANG_ANALYZER_NUMBER_OBJECT_CONVERSION = YES_AGGRESSIVE;
				CLANG_CXX_LANGUAGE_STANDARD = "gnu++14";
				CLANG_CXX_LIBRARY = "libc++";
				CLANG_ENABLE_MODULES = YES;
				CLANG_ENABLE_OBJC_ARC = YES;
				CLANG_ENABLE_OBJC_WEAK = YES;
				CLANG_WARN_BLOCK_CAPTURE_AUTORELEASING = YES;
				CLANG_WARN_BOOL_CONVERSION = YES;
				CLANG_WARN_COMMA = YES;
				CLANG_WARN_CONSTANT_CONVERSION = YES;
				CLANG_WARN_DEPRECATED_OBJC_IMPLEMENTATIONS = YES;
				CLANG_WARN_DIRECT_OBJC_ISA_USAGE = YES_ERROR;
				CLANG_WARN_DOCUMENTATION_COMMENTS = YES;
				CLANG_WARN_EMPTY_BODY = YES;
				CLANG_WARN_ENUM_CONVERSION = YES;
				CLANG_WARN_INFINITE_RECURSION = YES;
				CLANG_WARN_INT_CONVERSION = YES;
				CLANG_WARN_NON_LITERAL_NULL_CONVERSION = YES;
				CLANG_WARN_OBJC_IMPLICIT_RETAIN_SELF = YES;
				CLANG_WARN_OBJC_LITERAL_CONVERSION = YES;
				CLANG_WARN_OBJC_ROOT_CLASS = YES_ERROR;
				CLANG_WARN_QUOTED_INCLUDE_IN_FRAMEWORK_HEADER = YES;
				CLANG_WARN_RANGE_LOOP_ANALYSIS = YES;
				CLANG_WARN_STRICT_PROTOTYPES = YES;
				CLANG_WARN_SUSPICIOUS_MOVE = YES;
				CLANG_WARN_UNGUARDED_AVAILABILITY = YES_AGGRESSIVE;
				CLANG_WARN_UNREACHABLE_CODE = YES;
				CLANG_WARN__DUPLICATE_METHOD_MATCH = YES;
				COPY_PHASE_STRIP = NO;
				DEBUG_INFORMATION_FORMAT = dwarf;
				ENABLE_STRICT_OBJC_MSGSEND = YES;
				ENABLE_TESTABILITY = YES;
				GCC_C_LANGUAGE_STANDARD = gnu11;
				GCC_DYNAMIC_NO_PIC = NO;
				GCC_NO_COMMON_BLOCKS = YES;
				GCC_OPTIMIZATION_LEVEL = 0;
				GCC_PREPROCESSOR_DEFINITIONS = (
					"DEBUG=1",
					"$(inherited)",
				);
				GCC_WARN_64_TO_32_BIT_CONVERSION = YES;
				GCC_WARN_ABOUT_RETURN_TYPE = YES_ERROR;
				GCC_WARN_UNDECLARED_SELECTOR = YES;
				GCC_WARN_UNINITIALIZED_AUTOS = YES_AGGRESSIVE;
				GCC_WARN_UNUSED_FUNCTION = YES;
				GCC_WARN_UNUSED_VARIABLE = YES;
				IPHONEOS_DEPLOYMENT_TARGET = 14.0;
				MTL_ENABLE_DEBUG_INFO = INCLUDE_SOURCE;
				MTL_FAST_MATH = YES;
				ONLY_ACTIVE_ARCH = YES;
				SDKROOT = iphoneos;
				SWIFT_ACTIVE_COMPILATION_CONDITIONS = DEBUG;
				SWIFT_OPTIMIZATION_LEVEL = "-Onone";
			};
			name = Debug;
		};
		9ACF2ABD250B91E1008933D1 /* Release */ = {
			isa = XCBuildConfiguration;
			buildSettings = {
				ALWAYS_SEARCH_USER_PATHS = NO;
				CLANG_ANALYZER_NONNULL = YES;
				CLANG_ANALYZER_NUMBER_OBJECT_CONVERSION = YES_AGGRESSIVE;
				CLANG_CXX_LANGUAGE_STANDARD = "gnu++14";
				CLANG_CXX_LIBRARY = "libc++";
				CLANG_ENABLE_MODULES = YES;
				CLANG_ENABLE_OBJC_ARC = YES;
				CLANG_ENABLE_OBJC_WEAK = YES;
				CLANG_WARN_BLOCK_CAPTURE_AUTORELEASING = YES;
				CLANG_WARN_BOOL_CONVERSION = YES;
				CLANG_WARN_COMMA = YES;
				CLANG_WARN_CONSTANT_CONVERSION = YES;
				CLANG_WARN_DEPRECATED_OBJC_IMPLEMENTATIONS = YES;
				CLANG_WARN_DIRECT_OBJC_ISA_USAGE = YES_ERROR;
				CLANG_WARN_DOCUMENTATION_COMMENTS = YES;
				CLANG_WARN_EMPTY_BODY = YES;
				CLANG_WARN_ENUM_CONVERSION = YES;
				CLANG_WARN_INFINITE_RECURSION = YES;
				CLANG_WARN_INT_CONVERSION = YES;
				CLANG_WARN_NON_LITERAL_NULL_CONVERSION = YES;
				CLANG_WARN_OBJC_IMPLICIT_RETAIN_SELF = YES;
				CLANG_WARN_OBJC_LITERAL_CONVERSION = YES;
				CLANG_WARN_OBJC_ROOT_CLASS = YES_ERROR;
				CLANG_WARN_QUOTED_INCLUDE_IN_FRAMEWORK_HEADER = YES;
				CLANG_WARN_RANGE_LOOP_ANALYSIS = YES;
				CLANG_WARN_STRICT_PROTOTYPES = YES;
				CLANG_WARN_SUSPICIOUS_MOVE = YES;
				CLANG_WARN_UNGUARDED_AVAILABILITY = YES_AGGRESSIVE;
				CLANG_WARN_UNREACHABLE_CODE = YES;
				CLANG_WARN__DUPLICATE_METHOD_MATCH = YES;
				COPY_PHASE_STRIP = NO;
				DEBUG_INFORMATION_FORMAT = "dwarf-with-dsym";
				ENABLE_NS_ASSERTIONS = NO;
				ENABLE_STRICT_OBJC_MSGSEND = YES;
				GCC_C_LANGUAGE_STANDARD = gnu11;
				GCC_NO_COMMON_BLOCKS = YES;
				GCC_WARN_64_TO_32_BIT_CONVERSION = YES;
				GCC_WARN_ABOUT_RETURN_TYPE = YES_ERROR;
				GCC_WARN_UNDECLARED_SELECTOR = YES;
				GCC_WARN_UNINITIALIZED_AUTOS = YES_AGGRESSIVE;
				GCC_WARN_UNUSED_FUNCTION = YES;
				GCC_WARN_UNUSED_VARIABLE = YES;
				IPHONEOS_DEPLOYMENT_TARGET = 14.0;
				MTL_ENABLE_DEBUG_INFO = NO;
				MTL_FAST_MATH = YES;
				SDKROOT = iphoneos;
				SWIFT_COMPILATION_MODE = wholemodule;
				SWIFT_OPTIMIZATION_LEVEL = "-O";
				VALIDATE_PRODUCT = YES;
			};
			name = Release;
		};
		9ACF2ABF250B91E1008933D1 /* Debug */ = {
			isa = XCBuildConfiguration;
			buildSettings = {
				ASSETCATALOG_COMPILER_APPICON_NAME = AppIcon;
				ASSETCATALOG_COMPILER_GLOBAL_ACCENT_COLOR_NAME = AccentColor;
				CODE_SIGN_STYLE = Automatic;
				INFOPLIST_FILE = Places/Info.plist;
				LD_RUNPATH_SEARCH_PATHS = (
					"$(inherited)",
					"@executable_path/Frameworks",
				);
				PRODUCT_BUNDLE_IDENTIFIER = com.rivavillageacademy.Places;
				PRODUCT_NAME = "$(TARGET_NAME)";
				SWIFT_VERSION = 5.0;
				TARGETED_DEVICE_FAMILY = "1,2";
			};
			name = Debug;
		};
		9ACF2AC0250B91E1008933D1 /* Release */ = {
			isa = XCBuildConfiguration;
			buildSettings = {
				ASSETCATALOG_COMPILER_APPICON_NAME = AppIcon;
				ASSETCATALOG_COMPILER_GLOBAL_ACCENT_COLOR_NAME = AccentColor;
				CODE_SIGN_STYLE = Automatic;
				INFOPLIST_FILE = Places/Info.plist;
				LD_RUNPATH_SEARCH_PATHS = (
					"$(inherited)",
					"@executable_path/Frameworks",
				);
				PRODUCT_BUNDLE_IDENTIFIER = com.rivavillageacademy.Places;
				PRODUCT_NAME = "$(TARGET_NAME)";
				SWIFT_VERSION = 5.0;
				TARGETED_DEVICE_FAMILY = "1,2";
			};
			name = Release;
		};
		9ACF2AC2250B91E1008933D1 /* Debug */ = {
			isa = XCBuildConfiguration;
			buildSettings = {
				ALWAYS_EMBED_SWIFT_STANDARD_LIBRARIES = YES;
				BUNDLE_LOADER = "$(TEST_HOST)";
				CODE_SIGN_STYLE = Automatic;
				INFOPLIST_FILE = PlacesTests/Info.plist;
				IPHONEOS_DEPLOYMENT_TARGET = 14.0;
				LD_RUNPATH_SEARCH_PATHS = (
					"$(inherited)",
					"@executable_path/Frameworks",
					"@loader_path/Frameworks",
				);
				PRODUCT_BUNDLE_IDENTIFIER = com.rivavillageacademy.PlacesTests;
				PRODUCT_NAME = "$(TARGET_NAME)";
				SWIFT_VERSION = 5.0;
				TARGETED_DEVICE_FAMILY = "1,2";
				TEST_HOST = "$(BUILT_PRODUCTS_DIR)/Places.app/Places";
			};
			name = Debug;
		};
		9ACF2AC3250B91E1008933D1 /* Release */ = {
			isa = XCBuildConfiguration;
			buildSettings = {
				ALWAYS_EMBED_SWIFT_STANDARD_LIBRARIES = YES;
				BUNDLE_LOADER = "$(TEST_HOST)";
				CODE_SIGN_STYLE = Automatic;
				INFOPLIST_FILE = PlacesTests/Info.plist;
				IPHONEOS_DEPLOYMENT_TARGET = 14.0;
				LD_RUNPATH_SEARCH_PATHS = (
					"$(inherited)",
					"@executable_path/Frameworks",
					"@loader_path/Frameworks",
				);
				PRODUCT_BUNDLE_IDENTIFIER = com.rivavillageacademy.PlacesTests;
				PRODUCT_NAME = "$(TARGET_NAME)";
				SWIFT_VERSION = 5.0;
				TARGETED_DEVICE_FAMILY = "1,2";
				TEST_HOST = "$(BUILT_PRODUCTS_DIR)/Places.app/Places";
			};
			name = Release;
		};
		9ACF2AC5250B91E1008933D1 /* Debug */ = {
			isa = XCBuildConfiguration;
			buildSettings = {
				ALWAYS_EMBED_SWIFT_STANDARD_LIBRARIES = YES;
				CODE_SIGN_STYLE = Automatic;
				INFOPLIST_FILE = PlacesUITests/Info.plist;
				LD_RUNPATH_SEARCH_PATHS = (
					"$(inherited)",
					"@executable_path/Frameworks",
					"@loader_path/Frameworks",
				);
				PRODUCT_BUNDLE_IDENTIFIER = com.rivavillageacademy.PlacesUITests;
				PRODUCT_NAME = "$(TARGET_NAME)";
				SWIFT_VERSION = 5.0;
				TARGETED_DEVICE_FAMILY = "1,2";
				TEST_TARGET_NAME = Places;
			};
			name = Debug;
		};
		9ACF2AC6250B91E1008933D1 /* Release */ = {
			isa = XCBuildConfiguration;
			buildSettings = {
				ALWAYS_EMBED_SWIFT_STANDARD_LIBRARIES = YES;
				CODE_SIGN_STYLE = Automatic;
				INFOPLIST_FILE = PlacesUITests/Info.plist;
				LD_RUNPATH_SEARCH_PATHS = (
					"$(inherited)",
					"@executable_path/Frameworks",
					"@loader_path/Frameworks",
				);
				PRODUCT_BUNDLE_IDENTIFIER = com.rivavillageacademy.PlacesUITests;
				PRODUCT_NAME = "$(TARGET_NAME)";
				SWIFT_VERSION = 5.0;
				TARGETED_DEVICE_FAMILY = "1,2";
				TEST_TARGET_NAME = Places;
			};
			name = Release;
		};
/* End XCBuildConfiguration section */

/* Begin XCConfigurationList section */
		9ACF2A8F250B91E0008933D1 /* Build configuration list for PBXProject "Places" */ = {
			isa = XCConfigurationList;
			buildConfigurations = (
				9ACF2ABC250B91E1008933D1 /* Debug */,
				9ACF2ABD250B91E1008933D1 /* Release */,
			);
			defaultConfigurationIsVisible = 0;
			defaultConfigurationName = Release;
		};
		9ACF2ABE250B91E1008933D1 /* Build configuration list for PBXNativeTarget "Places" */ = {
			isa = XCConfigurationList;
			buildConfigurations = (
				9ACF2ABF250B91E1008933D1 /* Debug */,
				9ACF2AC0250B91E1008933D1 /* Release */,
			);
			defaultConfigurationIsVisible = 0;
			defaultConfigurationName = Release;
		};
		9ACF2AC1250B91E1008933D1 /* Build configuration list for PBXNativeTarget "PlacesTests" */ = {
			isa = XCConfigurationList;
			buildConfigurations = (
				9ACF2AC2250B91E1008933D1 /* Debug */,
				9ACF2AC3250B91E1008933D1 /* Release */,
			);
			defaultConfigurationIsVisible = 0;
			defaultConfigurationName = Release;
		};
		9ACF2AC4250B91E1008933D1 /* Build configuration list for PBXNativeTarget "PlacesUITests" */ = {
			isa = XCConfigurationList;
			buildConfigurations = (
				9ACF2AC5250B91E1008933D1 /* Debug */,
				9ACF2AC6250B91E1008933D1 /* Release */,
			);
			defaultConfigurationIsVisible = 0;
			defaultConfigurationName = Release;
		};
/* End XCConfigurationList section */
	};
	rootObject = 9ACF2A8C250B91E0008933D1 /* Project object */;
}
